
Microsoft Visual Studio Solution File, Format Version 12.00
# Visual Studio Version 16
VisualStudioVersion = 25.0.1705.2
MinimumVisualStudioVersion = 10.0.40219.1
Project("{2150E333-8FDC-42A3-9474-1A3956D46DE8}") = "Datas", "Datas", "{B2137199-FEC1-4F6E-97A8-76DE0092A658}"
EndProject
Project("{FAE04EC0-301F-11D3-BF4B-00C04F79EFBC}") = "Api.OnlineShop.Datas.Entities", "Api.OnlineShop.Datas.Entities\Api.OnlineShop.Datas.Entities.csproj", "{9A44BCDE-DD2E-42E4-A0E7-5EEAD10B9047}"
EndProject
Project("{FAE04EC0-301F-11D3-BF4B-00C04F79EFBC}") = "Api.OnlineShop.Datas.Context", "Api.OnlineShop.Datas.Context\Api.OnlineShop.Datas.Context.csproj", "{7547C46D-5DC8-4405-8008-71E2E8556E68}"
EndProject
Project("{FAE04EC0-301F-11D3-BF4B-00C04F79EFBC}") = "Api.OnlineShop", "Api.OnlineShop\Api.OnlineShop.csproj", "{347161DB-0E1E-4D1E-860F-6CCDFB4CA7D8}"
EndProject
Project("{FAE04EC0-301F-11D3-BF4B-00C04F79EFBC}") = "Api.OnlineShop.Datas.Repository", "Api.OnlineShop.Datas.Repository\Api.OnlineShop.Datas.Repository.csproj", "{2C6E3845-D0A6-4098-91D5-6B2D7A18454C}"
EndProject
Project("{FAE04EC0-301F-11D3-BF4B-00C04F79EFBC}") = "Api.OnlineShop.Datas.Repository.Contract", "Api.OnlineShop.Datas.Repository.Contract\Api.OnlineShop.Datas.Repository.Contract.csproj", "{28A793F9-5340-4C66-B2E2-3BEA182299DA}"
EndProject
Project("{FAE04EC0-301F-11D3-BF4B-00C04F79EFBC}") = "Api.OnlineShop.Services", "Api.OnlineShop.Services\Api.OnlineShop.Services.csproj", "{D68B2982-5A71-48A0-B3ED-172F7C3DAA45}"
EndProject
Project("{2150E333-8FDC-42A3-9474-1A3956D46DE8}") = "Business", "Business", "{48D006ED-B818-4E93-B878-BE0DC7B82F87}"
EndProject
Global
	GlobalSection(SolutionConfigurationPlatforms) = preSolution
		Debug|Any CPU = Debug|Any CPU
		Release|Any CPU = Release|Any CPU
	EndGlobalSection
	GlobalSection(ProjectConfigurationPlatforms) = postSolution
		{9A44BCDE-DD2E-42E4-A0E7-5EEAD10B9047}.Debug|Any CPU.ActiveCfg = Debug|Any CPU
		{9A44BCDE-DD2E-42E4-A0E7-5EEAD10B9047}.Debug|Any CPU.Build.0 = Debug|Any CPU
		{9A44BCDE-DD2E-42E4-A0E7-5EEAD10B9047}.Release|Any CPU.ActiveCfg = Release|Any CPU
		{9A44BCDE-DD2E-42E4-A0E7-5EEAD10B9047}.Release|Any CPU.Build.0 = Release|Any CPU
		{7547C46D-5DC8-4405-8008-71E2E8556E68}.Debug|Any CPU.ActiveCfg = Debug|Any CPU
		{7547C46D-5DC8-4405-8008-71E2E8556E68}.Debug|Any CPU.Build.0 = Debug|Any CPU
		{7547C46D-5DC8-4405-8008-71E2E8556E68}.Release|Any CPU.ActiveCfg = Release|Any CPU
		{7547C46D-5DC8-4405-8008-71E2E8556E68}.Release|Any CPU.Build.0 = Release|Any CPU
		{347161DB-0E1E-4D1E-860F-6CCDFB4CA7D8}.Debug|Any CPU.ActiveCfg = Debug|Any CPU
		{347161DB-0E1E-4D1E-860F-6CCDFB4CA7D8}.Debug|Any CPU.Build.0 = Debug|Any CPU
		{347161DB-0E1E-4D1E-860F-6CCDFB4CA7D8}.Release|Any CPU.ActiveCfg = Release|Any CPU
		{347161DB-0E1E-4D1E-860F-6CCDFB4CA7D8}.Release|Any CPU.Build.0 = Release|Any CPU
		{2C6E3845-D0A6-4098-91D5-6B2D7A18454C}.Debug|Any CPU.ActiveCfg = Debug|Any CPU
		{2C6E3845-D0A6-4098-91D5-6B2D7A18454C}.Debug|Any CPU.Build.0 = Debug|Any CPU
		{2C6E3845-D0A6-4098-91D5-6B2D7A18454C}.Release|Any CPU.ActiveCfg = Release|Any CPU
		{2C6E3845-D0A6-4098-91D5-6B2D7A18454C}.Release|Any CPU.Build.0 = Release|Any CPU
		{28A793F9-5340-4C66-B2E2-3BEA182299DA}.Debug|Any CPU.ActiveCfg = Debug|Any CPU
		{28A793F9-5340-4C66-B2E2-3BEA182299DA}.Debug|Any CPU.Build.0 = Debug|Any CPU
		{28A793F9-5340-4C66-B2E2-3BEA182299DA}.Release|Any CPU.ActiveCfg = Release|Any CPU
		{28A793F9-5340-4C66-B2E2-3BEA182299DA}.Release|Any CPU.Build.0 = Release|Any CPU
		{D68B2982-5A71-48A0-B3ED-172F7C3DAA45}.Debug|Any CPU.ActiveCfg = Debug|Any CPU
		{D68B2982-5A71-48A0-B3ED-172F7C3DAA45}.Debug|Any CPU.Build.0 = Debug|Any CPU
		{D68B2982-5A71-48A0-B3ED-172F7C3DAA45}.Release|Any CPU.ActiveCfg = Release|Any CPU
		{D68B2982-5A71-48A0-B3ED-172F7C3DAA45}.Release|Any CPU.Build.0 = Release|Any CPU
	EndGlobalSection
	GlobalSection(SolutionProperties) = preSolution
		HideSolutionNode = FALSE
	EndGlobalSection
	GlobalSection(ExtensibilityGlobals) = postSolution
		SolutionGuid = {3A272CFE-325B-49EA-A6E3-1899786650B5}
	EndGlobalSection
	GlobalSection(NestedProjects) = preSolution
		{9A44BCDE-DD2E-42E4-A0E7-5EEAD10B9047} = {B2137199-FEC1-4F6E-97A8-76DE0092A658}
		{7547C46D-5DC8-4405-8008-71E2E8556E68} = {B2137199-FEC1-4F6E-97A8-76DE0092A658}
		{2C6E3845-D0A6-4098-91D5-6B2D7A18454C} = {B2137199-FEC1-4F6E-97A8-76DE0092A658}
		{28A793F9-5340-4C66-B2E2-3BEA182299DA} = {B2137199-FEC1-4F6E-97A8-76DE0092A658}
		{D68B2982-5A71-48A0-B3ED-172F7C3DAA45} = {48D006ED-B818-4E93-B878-BE0DC7B82F87}
	EndGlobalSection
EndGlobal
