
Microsoft Visual Studio Solution File, Format Version 12.00
# Visual Studio Version 17
VisualStudioVersion = 17.0.31903.59
MinimumVisualStudioVersion = 10.0.40219.1
Project("{FAE04EC0-301F-11D3-BF4B-00C04F79EFBC}") = "Api.OnlineShop", "Api.OnlineShop\Api.OnlineShop.csproj", "{EF5706E6-5142-40DA-A17C-E71AF3974BB8}"
EndProject
Project("{FAE04EC0-301F-11D3-BF4B-00C04F79EFBC}") = "Api.OnlineShop.Datas.Context", "Api.OnlineShop.Datas.Context\Api.OnlineShop.Datas.Context.csproj", "{5A031F5E-C2F0-40CD-A4E8-4A573EF73B73}"
EndProject
Project("{FAE04EC0-301F-11D3-BF4B-00C04F79EFBC}") = "Api.OnlineShop.Datas.Entities", "Api.OnlineShop.Datas.Entities\Api.OnlineShop.Datas.Entities.csproj", "{BB496AB4-5640-443A-B483-DDB6307C49C8}"
EndProject
Project("{FAE04EC0-301F-11D3-BF4B-00C04F79EFBC}") = "Api.OnlineShop.Datas.Repository", "Api.OnlineShop.Datas.Repository\Api.OnlineShop.Datas.Repository.csproj", "{1068C037-702C-4E79-9045-E690ED6D4192}"
EndProject
Project("{FAE04EC0-301F-11D3-BF4B-00C04F79EFBC}") = "Api.OnlineShop.Datas.Repository.Contract", "Api.OnlineShop.Datas.Repository.Contract\Api.OnlineShop.Datas.Repository.Contract.csproj", "{7D55C244-529C-45BD-A68D-D749458271F0}"
EndProject
Project("{FAE04EC0-301F-11D3-BF4B-00C04F79EFBC}") = "Api.OnlineShop.Dtos", "Api.OnlineShop.Dtos\Api.OnlineShop.Dtos.csproj", "{5DAD5161-2943-4223-9F6F-862A8DE46105}"
EndProject
Project("{FAE04EC0-301F-11D3-BF4B-00C04F79EFBC}") = "Api.OnlineShop.IoC", "Api.OnlineShop.IoC\Api.OnlineShop.IoC.csproj", "{2B27F19E-E961-4C9E-8A7A-F550C7BBFED7}"
EndProject
Project("{FAE04EC0-301F-11D3-BF4B-00C04F79EFBC}") = "Api.OnlineShop.Services", "Api.OnlineShop.Services\Api.OnlineShop.Services.csproj", "{03A50872-9542-43AE-8200-A6AB637FD9CB}"
EndProject
Project("{2150E333-8FDC-42A3-9474-1A3956D46DE8}") = "Datas", "Datas", "{480B454F-686B-4D1C-BF15-645B680CECF6}"
EndProject
Project("{2150E333-8FDC-42A3-9474-1A3956D46DE8}") = "Business", "Business", "{DE037C6A-33BD-446C-B73B-548E51742775}"
EndProject
Global
	GlobalSection(SolutionConfigurationPlatforms) = preSolution
		Debug|Any CPU = Debug|Any CPU
		Release|Any CPU = Release|Any CPU
	EndGlobalSection
	GlobalSection(SolutionProperties) = preSolution
		HideSolutionNode = FALSE
	EndGlobalSection
	GlobalSection(ProjectConfigurationPlatforms) = postSolution
		{EF5706E6-5142-40DA-A17C-E71AF3974BB8}.Debug|Any CPU.ActiveCfg = Debug|Any CPU
		{EF5706E6-5142-40DA-A17C-E71AF3974BB8}.Debug|Any CPU.Build.0 = Debug|Any CPU
		{EF5706E6-5142-40DA-A17C-E71AF3974BB8}.Release|Any CPU.ActiveCfg = Release|Any CPU
		{EF5706E6-5142-40DA-A17C-E71AF3974BB8}.Release|Any CPU.Build.0 = Release|Any CPU
		{5A031F5E-C2F0-40CD-A4E8-4A573EF73B73}.Debug|Any CPU.ActiveCfg = Debug|Any CPU
		{5A031F5E-C2F0-40CD-A4E8-4A573EF73B73}.Debug|Any CPU.Build.0 = Debug|Any CPU
		{5A031F5E-C2F0-40CD-A4E8-4A573EF73B73}.Release|Any CPU.ActiveCfg = Release|Any CPU
		{5A031F5E-C2F0-40CD-A4E8-4A573EF73B73}.Release|Any CPU.Build.0 = Release|Any CPU
		{BB496AB4-5640-443A-B483-DDB6307C49C8}.Debug|Any CPU.ActiveCfg = Debug|Any CPU
		{BB496AB4-5640-443A-B483-DDB6307C49C8}.Debug|Any CPU.Build.0 = Debug|Any CPU
		{BB496AB4-5640-443A-B483-DDB6307C49C8}.Release|Any CPU.ActiveCfg = Release|Any CPU
		{BB496AB4-5640-443A-B483-DDB6307C49C8}.Release|Any CPU.Build.0 = Release|Any CPU
		{1068C037-702C-4E79-9045-E690ED6D4192}.Debug|Any CPU.ActiveCfg = Debug|Any CPU
		{1068C037-702C-4E79-9045-E690ED6D4192}.Debug|Any CPU.Build.0 = Debug|Any CPU
		{1068C037-702C-4E79-9045-E690ED6D4192}.Release|Any CPU.ActiveCfg = Release|Any CPU
		{1068C037-702C-4E79-9045-E690ED6D4192}.Release|Any CPU.Build.0 = Release|Any CPU
		{7D55C244-529C-45BD-A68D-D749458271F0}.Debug|Any CPU.ActiveCfg = Debug|Any CPU
		{7D55C244-529C-45BD-A68D-D749458271F0}.Debug|Any CPU.Build.0 = Debug|Any CPU
		{7D55C244-529C-45BD-A68D-D749458271F0}.Release|Any CPU.ActiveCfg = Release|Any CPU
		{7D55C244-529C-45BD-A68D-D749458271F0}.Release|Any CPU.Build.0 = Release|Any CPU
		{5DAD5161-2943-4223-9F6F-862A8DE46105}.Debug|Any CPU.ActiveCfg = Debug|Any CPU
		{5DAD5161-2943-4223-9F6F-862A8DE46105}.Debug|Any CPU.Build.0 = Debug|Any CPU
		{5DAD5161-2943-4223-9F6F-862A8DE46105}.Release|Any CPU.ActiveCfg = Release|Any CPU
		{5DAD5161-2943-4223-9F6F-862A8DE46105}.Release|Any CPU.Build.0 = Release|Any CPU
		{2B27F19E-E961-4C9E-8A7A-F550C7BBFED7}.Debug|Any CPU.ActiveCfg = Debug|Any CPU
		{2B27F19E-E961-4C9E-8A7A-F550C7BBFED7}.Debug|Any CPU.Build.0 = Debug|Any CPU
		{2B27F19E-E961-4C9E-8A7A-F550C7BBFED7}.Release|Any CPU.ActiveCfg = Release|Any CPU
		{2B27F19E-E961-4C9E-8A7A-F550C7BBFED7}.Release|Any CPU.Build.0 = Release|Any CPU
		{03A50872-9542-43AE-8200-A6AB637FD9CB}.Debug|Any CPU.ActiveCfg = Debug|Any CPU
		{03A50872-9542-43AE-8200-A6AB637FD9CB}.Debug|Any CPU.Build.0 = Debug|Any CPU
		{03A50872-9542-43AE-8200-A6AB637FD9CB}.Release|Any CPU.ActiveCfg = Release|Any CPU
		{03A50872-9542-43AE-8200-A6AB637FD9CB}.Release|Any CPU.Build.0 = Release|Any CPU
	EndGlobalSection
	GlobalSection(NestedProjects) = preSolution
		{5A031F5E-C2F0-40CD-A4E8-4A573EF73B73} = {480B454F-686B-4D1C-BF15-645B680CECF6}
		{BB496AB4-5640-443A-B483-DDB6307C49C8} = {480B454F-686B-4D1C-BF15-645B680CECF6}
		{1068C037-702C-4E79-9045-E690ED6D4192} = {480B454F-686B-4D1C-BF15-645B680CECF6}
		{7D55C244-529C-45BD-A68D-D749458271F0} = {480B454F-686B-4D1C-BF15-645B680CECF6}
		{03A50872-9542-43AE-8200-A6AB637FD9CB} = {DE037C6A-33BD-446C-B73B-548E51742775}
		{5DAD5161-2943-4223-9F6F-862A8DE46105} = {DE037C6A-33BD-446C-B73B-548E51742775}
	EndGlobalSection
EndGlobal
